
Microsoft Visual Studio Solution File, Format Version 12.00
# Visual Studio Version 17
VisualStudioVersion = 17.0.31903.59
MinimumVisualStudioVersion = 10.0.40219.1
Project("{F2A71F9B-5D33-465A-A702-920D77279786}") = "Day1Fs", "Day1Fs\Day1Fs.fsproj", "{884954CD-E471-46F1-A391-AB34B7326D33}"
EndProject
Project("{F2A71F9B-5D33-465A-A702-920D77279786}") = "Day2Fs", "Day2Fs\Day2Fs.fsproj", "{1AF31F7B-B7B1-4BD0-AED5-04C5DDF0CE32}"
EndProject
Global
	GlobalSection(SolutionConfigurationPlatforms) = preSolution
		Debug|Any CPU = Debug|Any CPU
		Release|Any CPU = Release|Any CPU
	EndGlobalSection
	GlobalSection(SolutionProperties) = preSolution
		HideSolutionNode = FALSE
	EndGlobalSection
	GlobalSection(ProjectConfigurationPlatforms) = postSolution
		{884954CD-E471-46F1-A391-AB34B7326D33}.Debug|Any CPU.ActiveCfg = Debug|Any CPU
		{884954CD-E471-46F1-A391-AB34B7326D33}.Debug|Any CPU.Build.0 = Debug|Any CPU
		{884954CD-E471-46F1-A391-AB34B7326D33}.Release|Any CPU.ActiveCfg = Release|Any CPU
		{884954CD-E471-46F1-A391-AB34B7326D33}.Release|Any CPU.Build.0 = Release|Any CPU
		{1AF31F7B-B7B1-4BD0-AED5-04C5DDF0CE32}.Debug|Any CPU.ActiveCfg = Debug|Any CPU
		{1AF31F7B-B7B1-4BD0-AED5-04C5DDF0CE32}.Debug|Any CPU.Build.0 = Debug|Any CPU
		{1AF31F7B-B7B1-4BD0-AED5-04C5DDF0CE32}.Release|Any CPU.ActiveCfg = Release|Any CPU
		{1AF31F7B-B7B1-4BD0-AED5-04C5DDF0CE32}.Release|Any CPU.Build.0 = Release|Any CPU
	EndGlobalSection
EndGlobal
